{
  "name": "prova-tokio-master-997744e0164edee6e74421275e5c167b326c7350",
  "lockfileVersion": 3,
  "requires": true,
  "packages": {
    "": {
      "dependencies": {
        "primeng": "^8.1.1"
      }
    },
    "node_modules/primeng": {
      "version": "8.1.1",
      "resolved": "https://registry.npmjs.org/primeng/-/primeng-8.1.1.tgz",
      "integrity": "sha512-8dP8A3qkmOvDTe97kCeFvoCk6oPNDdgMTdT4UBzhC4ua5wM7i7pjYXuKzAXm3oEFf+iSEB6WqzzfSqyZdbEA+w==",
      "license": "MIT"
    }
  }
}
